PODS:
  - Alamofire (4.8.2)
  - MarqueeLabel (4.0.0)
  - NotificationBannerSwift (2.2.0):
    - MarqueeLabel (~> 4.0.0)
    - SnapKit (~> 5.0.0)
  - Realm (3.15.0):
    - Realm/Headers (= 3.15.0)
  - Realm/Headers (3.15.0)
  - RealmSwift (3.15.0):
    - Realm (= 3.15.0)
  - SnapKit (5.0.0)
  - SwiftyVK (3.4.0)

DEPENDENCIES:
  - Alamofire
  - NotificationBannerSwift
  - RealmSwift
  - SwiftyVK

SPEC REPOS:
  https://github.com/cocoapods/specs.git:
    - Alamofire
    - MarqueeLabel
    - NotificationBannerSwift
    - Realm
    - RealmSwift
    - SnapKit
    - SwiftyVK

SPEC CHECKSUMS:
  Alamofire: ae5c501addb7afdbb13687d7f2f722c78734c2d3
  MarqueeLabel: b55b26e690b6ad41faedd95cbf5eae6f1d1735b4
  NotificationBannerSwift: 0ebb4b35e18c0515fdfe01b5ebd90c3eb1255e3d
  Realm: 9b834e1be6062f544805252c812348872dc5d4ed
  RealmSwift: 8a41886f8ab6efef9eb8df97de2f2bb911561a79
  SnapKit: fd22d10eb9aff484d79a8724eab922c1ddf89bcf
  SwiftyVK: 9752f07eb25c2061168ea3018c64a0512eed1f2c

PODFILE CHECKSUM: ce03569e528c928ad36c8a0fd7e4c3cb38b0fa7a

COCOAPODS: 1.7.0.rc.2
