// !$*UTF8*$!
{
	archiveVersion = 1;
	classes = {
	};
	objectVersion = 50;
	objects = {

/* Begin PBXBuildFile section */
		402D3359225C778A00D43AB4 /* Vars.swift in Sources */ = {isa = PBXBuildFile; fileRef = 402D3358225C778A00D43AB4 /* Vars.swift */; };
		403DCA96225DDB0E0051A5C3 /* GroupById.swift in Sources */ = {isa = PBXBuildFile; fileRef = 402D335A225D23CE00D43AB4 /* GroupById.swift */; };
		403DCA98225DE6D80051A5C3 /* ServerService.swift in Sources */ = {isa = PBXBuildFile; fileRef = 403DCA97225DE6D80051A5C3 /* ServerService.swift */; };
		407E5CD22246374B0045225E /* VKDelegate.swift in Sources */ = {isa = PBXBuildFile; fileRef = 407E5CD12246374B0045225E /* VKDelegate.swift */; };
		40BE76B422463BC4000519A9 /* StoreItems.swift in Sources */ = {isa = PBXBuildFile; fileRef = 40BE76B322463BC4000519A9 /* StoreItems.swift */; };
		40BE76BB22463DB4000519A9 /* MarketService.swift in Sources */ = {isa = PBXBuildFile; fileRef = 40BE76BA22463DB4000519A9 /* MarketService.swift */; };
		40BE76BF22463EA7000519A9 /* ServerGroups.swift in Sources */ = {isa = PBXBuildFile; fileRef = 40BE76BE22463EA7000519A9 /* ServerGroups.swift */; };
		40BE76C522466C82000519A9 /* ImageService.swift in Sources */ = {isa = PBXBuildFile; fileRef = 40BE76C422466C82000519A9 /* ImageService.swift */; };
		40BE76C722468195000519A9 /* StoreItemsById.swift in Sources */ = {isa = PBXBuildFile; fileRef = 40BE76C622468194000519A9 /* StoreItemsById.swift */; };
		40E3C78D2246366E00933D5F /* AppDelegate.swift in Sources */ = {isa = PBXBuildFile; fileRef = 40E3C78C2246366E00933D5F /* AppDelegate.swift */; };
		40E3C78F2246366E00933D5F /* ViewController.swift in Sources */ = {isa = PBXBuildFile; fileRef = 40E3C78E2246366E00933D5F /* ViewController.swift */; };
		40E3C7922246366E00933D5F /* Main.storyboard in Resources */ = {isa = PBXBuildFile; fileRef = 40E3C7902246366E00933D5F /* Main.storyboard */; };
		40E3C7952246366E00933D5F /* VK_Market.xcdatamodeld in Sources */ = {isa = PBXBuildFile; fileRef = 40E3C7932246366E00933D5F /* VK_Market.xcdatamodeld */; };
		40E3C7972246367100933D5F /* Assets.xcassets in Resources */ = {isa = PBXBuildFile; fileRef = 40E3C7962246367100933D5F /* Assets.xcassets */; };
		40E3C79A2246367100933D5F /* LaunchScreen.storyboard in Resources */ = {isa = PBXBuildFile; fileRef = 40E3C7982246367100933D5F /* LaunchScreen.storyboard */; };
		40E3C7A52246367100933D5F /* VK_MarketTests.swift in Sources */ = {isa = PBXBuildFile; fileRef = 40E3C7A42246367100933D5F /* VK_MarketTests.swift */; };
		40E3C7B02246367100933D5F /* VK_MarketUITests.swift in Sources */ = {isa = PBXBuildFile; fileRef = 40E3C7AF2246367100933D5F /* VK_MarketUITests.swift */; };
		46A8DE8304DE4381A26A15B2 /* Pods_VK_MarketUITests.framework in Frameworks */ = {isa = PBXBuildFile; fileRef = 6EE8359941260E8F838E9CAF /* Pods_VK_MarketUITests.framework */; };
		8C18253D12420F359F793B56 /* Pods_VK_Market.framework in Frameworks */ = {isa = PBXBuildFile; fileRef = D5655F215BD20C42F070851E /* Pods_VK_Market.framework */; };
		E030E7F7FCFAEFBF68137639 /* Pods_VK_MarketTests.framework in Frameworks */ = {isa = PBXBuildFile; fileRef = C7D171EBC2D9729DC7E1F955 /* Pods_VK_MarketTests.framework */; };
/* End PBXBuildFile section */

/* Begin PBXContainerItemProxy section */
		40E3C7A12246367100933D5F /* PBXContainerItemProxy */ = {
			isa = PBXContainerItemProxy;
			containerPortal = 40E3C7812246366E00933D5F /* Project object */;
			proxyType = 1;
			remoteGlobalIDString = 40E3C7882246366E00933D5F;
			remoteInfo = "VK Market";
		};
		40E3C7AC2246367100933D5F /* PBXContainerItemProxy */ = {
			isa = PBXContainerItemProxy;
			containerPortal = 40E3C7812246366E00933D5F /* Project object */;
			proxyType = 1;
			remoteGlobalIDString = 40E3C7882246366E00933D5F;
			remoteInfo = "VK Market";
		};
/* End PBXContainerItemProxy section */

/* Begin PBXFileReference section */
		02BC6551F118B80256044C3A /* Pods-VK MarketUITests.debug.xcconfig */ = {isa = PBXFileReference; includeInIndex = 1; lastKnownFileType = text.xcconfig; name = "Pods-VK MarketUITests.debug.xcconfig"; path = "Target Support Files/Pods-VK MarketUITests/Pods-VK MarketUITests.debug.xcconfig"; sourceTree = "<group>"; };
		402D3358225C778A00D43AB4 /* Vars.swift */ = {isa = PBXFileReference; lastKnownFileType = sourcecode.swift; path = Vars.swift; sourceTree = "<group>"; };
		402D335A225D23CE00D43AB4 /* GroupById.swift */ = {isa = PBXFileReference; lastKnownFileType = sourcecode.swift; path = GroupById.swift; sourceTree = "<group>"; };
		403DCA97225DE6D80051A5C3 /* ServerService.swift */ = {isa = PBXFileReference; lastKnownFileType = sourcecode.swift; path = ServerService.swift; sourceTree = "<group>"; };
		407E5CD12246374B0045225E /* VKDelegate.swift */ = {isa = PBXFileReference; lastKnownFileType = sourcecode.swift; path = VKDelegate.swift; sourceTree = "<group>"; };
		40BE76B322463BC4000519A9 /* StoreItems.swift */ = {isa = PBXFileReference; lastKnownFileType = sourcecode.swift; path = StoreItems.swift; sourceTree = "<group>"; };
		40BE76BA22463DB4000519A9 /* MarketService.swift */ = {isa = PBXFileReference; lastKnownFileType = sourcecode.swift; path = MarketService.swift; sourceTree = "<group>"; };
		40BE76BE22463EA7000519A9 /* ServerGroups.swift */ = {isa = PBXFileReference; lastKnownFileType = sourcecode.swift; path = ServerGroups.swift; sourceTree = "<group>"; };
		40BE76C422466C82000519A9 /* ImageService.swift */ = {isa = PBXFileReference; lastKnownFileType = sourcecode.swift; path = ImageService.swift; sourceTree = "<group>"; };
		40BE76C622468194000519A9 /* StoreItemsById.swift */ = {isa = PBXFileReference; lastKnownFileType = sourcecode.swift; path = StoreItemsById.swift; sourceTree = "<group>"; };
		40E3C7892246366E00933D5F /* VK Market.app */ = {isa = PBXFileReference; explicitFileType = wrapper.application; includeInIndex = 0; path = "VK Market.app"; sourceTree = BUILT_PRODUCTS_DIR; };
		40E3C78C2246366E00933D5F /* AppDelegate.swift */ = {isa = PBXFileReference; lastKnownFileType = sourcecode.swift; path = AppDelegate.swift; sourceTree = "<group>"; };
		40E3C78E2246366E00933D5F /* ViewController.swift */ = {isa = PBXFileReference; lastKnownFileType = sourcecode.swift; path = ViewController.swift; sourceTree = "<group>"; };
		40E3C7912246366E00933D5F /* Base */ = {isa = PBXFileReference; lastKnownFileType = file.storyboard; name = Base; path = Base.lproj/Main.storyboard; sourceTree = "<group>"; };
		40E3C7942246366E00933D5F /* VK_Market.xcdatamodel */ = {isa = PBXFileReference; lastKnownFileType = wrapper.xcdatamodel; path = VK_Market.xcdatamodel; sourceTree = "<group>"; };
		40E3C7962246367100933D5F /* Assets.xcassets */ = {isa = PBXFileReference; lastKnownFileType = folder.assetcatalog; path = Assets.xcassets; sourceTree = "<group>"; };
		40E3C7992246367100933D5F /* Base */ = {isa = PBXFileReference; lastKnownFileType = file.storyboard; name = Base; path = Base.lproj/LaunchScreen.storyboard; sourceTree = "<group>"; };
		40E3C79B2246367100933D5F /* Info.plist */ = {isa = PBXFileReference; lastKnownFileType = text.plist.xml; path = Info.plist; sourceTree = "<group>"; };
		40E3C7A02246367100933D5F /* VK MarketTests.xctest */ = {isa = PBXFileReference; explicitFileType = wrapper.cfbundle; includeInIndex = 0; path = "VK MarketTests.xctest"; sourceTree = BUILT_PRODUCTS_DIR; };
		40E3C7A42246367100933D5F /* VK_MarketTests.swift */ = {isa = PBXFileReference; lastKnownFileType = sourcecode.swift; path = VK_MarketTests.swift; sourceTree = "<group>"; };
		40E3C7A62246367100933D5F /* Info.plist */ = {isa = PBXFileReference; lastKnownFileType = text.plist.xml; path = Info.plist; sourceTree = "<group>"; };
		40E3C7AB2246367100933D5F /* VK MarketUITests.xctest */ = {isa = PBXFileReference; explicitFileType = wrapper.cfbundle; includeInIndex = 0; path = "VK MarketUITests.xctest"; sourceTree = BUILT_PRODUCTS_DIR; };
		40E3C7AF2246367100933D5F /* VK_MarketUITests.swift */ = {isa = PBXFileReference; lastKnownFileType = sourcecode.swift; path = VK_MarketUITests.swift; sourceTree = "<group>"; };
		40E3C7B12246367100933D5F /* Info.plist */ = {isa = PBXFileReference; lastKnownFileType = text.plist.xml; path = Info.plist; sourceTree = "<group>"; };
		5D668E29B298D0D438369FCC /* Pods-VK Market.release.xcconfig */ = {isa = PBXFileReference; includeInIndex = 1; lastKnownFileType = text.xcconfig; name = "Pods-VK Market.release.xcconfig"; path = "Target Support Files/Pods-VK Market/Pods-VK Market.release.xcconfig"; sourceTree = "<group>"; };
		6EE8359941260E8F838E9CAF /* Pods_VK_MarketUITests.framework */ = {isa = PBXFileReference; explicitFileType = wrapper.framework; includeInIndex = 0; path = Pods_VK_MarketUITests.framework; sourceTree = BUILT_PRODUCTS_DIR; };
		82BFA28DD649880414C8A0FB /* Pods-VK Market.debug.xcconfig */ = {isa = PBXFileReference; includeInIndex = 1; lastKnownFileType = text.xcconfig; name = "Pods-VK Market.debug.xcconfig"; path = "Target Support Files/Pods-VK Market/Pods-VK Market.debug.xcconfig"; sourceTree = "<group>"; };
		C7181B0FA1B1A328BAC50FAE /* Pods-VK MarketTests.debug.xcconfig */ = {isa = PBXFileReference; includeInIndex = 1; lastKnownFileType = text.xcconfig; name = "Pods-VK MarketTests.debug.xcconfig"; path = "Target Support Files/Pods-VK MarketTests/Pods-VK MarketTests.debug.xcconfig"; sourceTree = "<group>"; };
		C7D171EBC2D9729DC7E1F955 /* Pods_VK_MarketTests.framework */ = {isa = PBXFileReference; explicitFileType = wrapper.framework; includeInIndex = 0; path = Pods_VK_MarketTests.framework; sourceTree = BUILT_PRODUCTS_DIR; };
		D5655F215BD20C42F070851E /* Pods_VK_Market.framework */ = {isa = PBXFileReference; explicitFileType = wrapper.framework; includeInIndex = 0; path = Pods_VK_Market.framework; sourceTree = BUILT_PRODUCTS_DIR; };
		D7E7B3C2E9051E30A07EF37B /* Pods-VK MarketUITests.release.xcconfig */ = {isa = PBXFileReference; includeInIndex = 1; lastKnownFileType = text.xcconfig; name = "Pods-VK MarketUITests.release.xcconfig"; path = "Target Support Files/Pods-VK MarketUITests/Pods-VK MarketUITests.release.xcconfig"; sourceTree = "<group>"; };
		E3D7FD0656235A12EC736271 /* Pods-VK MarketTests.release.xcconfig */ = {isa = PBXFileReference; includeInIndex = 1; lastKnownFileType = text.xcconfig; name = "Pods-VK MarketTests.release.xcconfig"; path = "Target Support Files/Pods-VK MarketTests/Pods-VK MarketTests.release.xcconfig"; sourceTree = "<group>"; };
/* End PBXFileReference section */

/* Begin PBXFrameworksBuildPhase section */
		40E3C7862246366E00933D5F /* Frameworks */ = {
			isa = PBXFrameworksBuildPhase;
			buildActionMask = 2147483647;
			files = (
				8C18253D12420F359F793B56 /* Pods_VK_Market.framework in Frameworks */,
			);
			runOnlyForDeploymentPostprocessing = 0;
		};
		40E3C79D2246367100933D5F /* Frameworks */ = {
			isa = PBXFrameworksBuildPhase;
			buildActionMask = 2147483647;
			files = (
				E030E7F7FCFAEFBF68137639 /* Pods_VK_MarketTests.framework in Frameworks */,
			);
			runOnlyForDeploymentPostprocessing = 0;
		};
		40E3C7A82246367100933D5F /* Frameworks */ = {
			isa = PBXFrameworksBuildPhase;
			buildActionMask = 2147483647;
			files = (
				46A8DE8304DE4381A26A15B2 /* Pods_VK_MarketUITests.framework in Frameworks */,
			);
			runOnlyForDeploymentPostprocessing = 0;
		};
/* End PBXFrameworksBuildPhase section */

/* Begin PBXGroup section */
		11ED35ACFBE1D7848909D7A3 /* Pods */ = {
			isa = PBXGroup;
			children = (
				82BFA28DD649880414C8A0FB /* Pods-VK Market.debug.xcconfig */,
				5D668E29B298D0D438369FCC /* Pods-VK Market.release.xcconfig */,
				C7181B0FA1B1A328BAC50FAE /* Pods-VK MarketTests.debug.xcconfig */,
				E3D7FD0656235A12EC736271 /* Pods-VK MarketTests.release.xcconfig */,
				02BC6551F118B80256044C3A /* Pods-VK MarketUITests.debug.xcconfig */,
				D7E7B3C2E9051E30A07EF37B /* Pods-VK MarketUITests.release.xcconfig */,
			);
			path = Pods;
			sourceTree = "<group>";
		};
		402D335C225DD6D400D43AB4 /* Server */ = {
			isa = PBXGroup;
			children = (
				40BE76BE22463EA7000519A9 /* ServerGroups.swift */,
			);
			path = Server;
			sourceTree = "<group>";
		};
		402D335D225DD6EB00D43AB4 /* VK */ = {
			isa = PBXGroup;
			children = (
				40BE76B322463BC4000519A9 /* StoreItems.swift */,
				40BE76C622468194000519A9 /* StoreItemsById.swift */,
				402D335A225D23CE00D43AB4 /* GroupById.swift */,
			);
			path = VK;
			sourceTree = "<group>";
		};
		403DCA99225DEB3D0051A5C3 /* VK */ = {
			isa = PBXGroup;
			children = (
				40BE76BA22463DB4000519A9 /* MarketService.swift */,
			);
			path = VK;
			sourceTree = "<group>";
		};
		403DCA9A225DEB450051A5C3 /* Server */ = {
			isa = PBXGroup;
			children = (
				403DCA97225DE6D80051A5C3 /* ServerService.swift */,
			);
			path = Server;
			sourceTree = "<group>";
		};
		403DCA9B225DEB4C0051A5C3 /* Others */ = {
			isa = PBXGroup;
			children = (
				40BE76C422466C82000519A9 /* ImageService.swift */,
			);
			path = Others;
			sourceTree = "<group>";
		};
		407E5CD0224637340045225E /* VK Delegate */ = {
			isa = PBXGroup;
			children = (
				407E5CD12246374B0045225E /* VKDelegate.swift */,
			);
			path = "VK Delegate";
			sourceTree = "<group>";
		};
		407E5CD3224637890045225E /* Models */ = {
			isa = PBXGroup;
			children = (
				402D335D225DD6EB00D43AB4 /* VK */,
				402D335C225DD6D400D43AB4 /* Server */,
			);
			path = Models;
			sourceTree = "<group>";
		};
		40BE76B522463CC9000519A9 /* Services */ = {
			isa = PBXGroup;
			children = (
				40BE76B722463CDA000519A9 /* Network */,
				40BE76B622463CD2000519A9 /* Local */,
			);
			path = Services;
			sourceTree = "<group>";
		};
		40BE76B622463CD2000519A9 /* Local */ = {
			isa = PBXGroup;
			children = (
				402D3358225C778A00D43AB4 /* Vars.swift */,
			);
			path = Local;
			sourceTree = "<group>";
		};
		40BE76B722463CDA000519A9 /* Network */ = {
			isa = PBXGroup;
			children = (
				403DCA9B225DEB4C0051A5C3 /* Others */,
				403DCA9A225DEB450051A5C3 /* Server */,
				403DCA99225DEB3D0051A5C3 /* VK */,
			);
			path = Network;
			sourceTree = "<group>";
		};
		40E3C7802246366E00933D5F = {
			isa = PBXGroup;
			children = (
				40BE76B522463CC9000519A9 /* Services */,
				407E5CD3224637890045225E /* Models */,
				407E5CD0224637340045225E /* VK Delegate */,
				40E3C78B2246366E00933D5F /* VK Market */,
				40E3C7A32246367100933D5F /* VK MarketTests */,
				40E3C7AE2246367100933D5F /* VK MarketUITests */,
				40E3C78A2246366E00933D5F /* Products */,
				11ED35ACFBE1D7848909D7A3 /* Pods */,
				95E0EE23D1CDC364DD38EB65 /* Frameworks */,
			);
			sourceTree = "<group>";
		};
		40E3C78A2246366E00933D5F /* Products */ = {
			isa = PBXGroup;
			children = (
				40E3C7892246366E00933D5F /* VK Market.app */,
				40E3C7A02246367100933D5F /* VK MarketTests.xctest */,
				40E3C7AB2246367100933D5F /* VK MarketUITests.xctest */,
			);
			name = Products;
			sourceTree = "<group>";
		};
		40E3C78B2246366E00933D5F /* VK Market */ = {
			isa = PBXGroup;
			children = (
				40E3C78C2246366E00933D5F /* AppDelegate.swift */,
				40E3C78E2246366E00933D5F /* ViewController.swift */,
				40E3C7902246366E00933D5F /* Main.storyboard */,
				40E3C7962246367100933D5F /* Assets.xcassets */,
				40E3C7982246367100933D5F /* LaunchScreen.storyboard */,
				40E3C79B2246367100933D5F /* Info.plist */,
				40E3C7932246366E00933D5F /* VK_Market.xcdatamodeld */,
			);
			path = "VK Market";
			sourceTree = "<group>";
		};
		40E3C7A32246367100933D5F /* VK MarketTests */ = {
			isa = PBXGroup;
			children = (
				40E3C7A42246367100933D5F /* VK_MarketTests.swift */,
				40E3C7A62246367100933D5F /* Info.plist */,
			);
			path = "VK MarketTests";
			sourceTree = "<group>";
		};
		40E3C7AE2246367100933D5F /* VK MarketUITests */ = {
			isa = PBXGroup;
			children = (
				40E3C7AF2246367100933D5F /* VK_MarketUITests.swift */,
				40E3C7B12246367100933D5F /* Info.plist */,
			);
			path = "VK MarketUITests";
			sourceTree = "<group>";
		};
		95E0EE23D1CDC364DD38EB65 /* Frameworks */ = {
			isa = PBXGroup;
			children = (
				D5655F215BD20C42F070851E /* Pods_VK_Market.framework */,
				C7D171EBC2D9729DC7E1F955 /* Pods_VK_MarketTests.framework */,
				6EE8359941260E8F838E9CAF /* Pods_VK_MarketUITests.framework */,
			);
			name = Frameworks;
			sourceTree = "<group>";
		};
/* End PBXGroup section */

/* Begin PBXNativeTarget section */
		40E3C7882246366E00933D5F /* VK Market */ = {
			isa = PBXNativeTarget;
			buildConfigurationList = 40E3C7B42246367100933D5F /* Build configuration list for PBXNativeTarget "VK Market" */;
			buildPhases = (
				B996F5258DBF9D8B37807897 /* [CP] Check Pods Manifest.lock */,
				40E3C7852246366E00933D5F /* Sources */,
				40E3C7862246366E00933D5F /* Frameworks */,
				40E3C7872246366E00933D5F /* Resources */,
				25BFE74A3209CECAF22A7254 /* [CP] Embed Pods Frameworks */,
			);
			buildRules = (
			);
			dependencies = (
			);
			name = "VK Market";
			productName = "VK Market";
			productReference = 40E3C7892246366E00933D5F /* VK Market.app */;
			productType = "com.apple.product-type.application";
		};
		40E3C79F2246367100933D5F /* VK MarketTests */ = {
			isa = PBXNativeTarget;
			buildConfigurationList = 40E3C7B72246367100933D5F /* Build configuration list for PBXNativeTarget "VK MarketTests" */;
			buildPhases = (
				5FC09E07C16270A0A7C69093 /* [CP] Check Pods Manifest.lock */,
				40E3C79C2246367100933D5F /* Sources */,
				40E3C79D2246367100933D5F /* Frameworks */,
				40E3C79E2246367100933D5F /* Resources */,
			);
			buildRules = (
			);
			dependencies = (
				40E3C7A22246367100933D5F /* PBXTargetDependency */,
			);
			name = "VK MarketTests";
			productName = "VK MarketTests";
			productReference = 40E3C7A02246367100933D5F /* VK MarketTests.xctest */;
			productType = "com.apple.product-type.bundle.unit-test";
		};
		40E3C7AA2246367100933D5F /* VK MarketUITests */ = {
			isa = PBXNativeTarget;
			buildConfigurationList = 40E3C7BA2246367100933D5F /* Build configuration list for PBXNativeTarget "VK MarketUITests" */;
			buildPhases = (
				45AD08C04A357B915735B64B /* [CP] Check Pods Manifest.lock */,
				40E3C7A72246367100933D5F /* Sources */,
				40E3C7A82246367100933D5F /* Frameworks */,
				40E3C7A92246367100933D5F /* Resources */,
			);
			buildRules = (
			);
			dependencies = (
				40E3C7AD2246367100933D5F /* PBXTargetDependency */,
			);
			name = "VK MarketUITests";
			productName = "VK MarketUITests";
			productReference = 40E3C7AB2246367100933D5F /* VK MarketUITests.xctest */;
			productType = "com.apple.product-type.bundle.ui-testing";
		};
/* End PBXNativeTarget section */

/* Begin PBXProject section */
		40E3C7812246366E00933D5F /* Project object */ = {
			isa = PBXProject;
			attributes = {
				LastSwiftUpdateCheck = 1010;
				LastUpgradeCheck = 1010;
				ORGANIZATIONNAME = y7c4k;
				TargetAttributes = {
					40E3C7882246366E00933D5F = {
						CreatedOnToolsVersion = 10.1;
					};
					40E3C79F2246367100933D5F = {
						CreatedOnToolsVersion = 10.1;
						TestTargetID = 40E3C7882246366E00933D5F;
					};
					40E3C7AA2246367100933D5F = {
						CreatedOnToolsVersion = 10.1;
						TestTargetID = 40E3C7882246366E00933D5F;
					};
				};
			};
			buildConfigurationList = 40E3C7842246366E00933D5F /* Build configuration list for PBXProject "VK Market" */;
			compatibilityVersion = "Xcode 9.3";
			developmentRegion = en;
			hasScannedForEncodings = 0;
			knownRegions = (
				en,
				Base,
			);
			mainGroup = 40E3C7802246366E00933D5F;
			productRefGroup = 40E3C78A2246366E00933D5F /* Products */;
			projectDirPath = "";
			projectRoot = "";
			targets = (
				40E3C7882246366E00933D5F /* VK Market */,
				40E3C79F2246367100933D5F /* VK MarketTests */,
				40E3C7AA2246367100933D5F /* VK MarketUITests */,
			);
		};
/* End PBXProject section */

/* Begin PBXResourcesBuildPhase section */
		40E3C7872246366E00933D5F /* Resources */ = {
			isa = PBXResourcesBuildPhase;
			buildActionMask = 2147483647;
			files = (
				40E3C79A2246367100933D5F /* LaunchScreen.storyboard in Resources */,
				40E3C7972246367100933D5F /* Assets.xcassets in Resources */,
				40E3C7922246366E00933D5F /* Main.storyboard in Resources */,
			);
			runOnlyForDeploymentPostprocessing = 0;
		};
		40E3C79E2246367100933D5F /* Resources */ = {
			isa = PBXResourcesBuildPhase;
			buildActionMask = 2147483647;
			files = (
			);
			runOnlyForDeploymentPostprocessing = 0;
		};
		40E3C7A92246367100933D5F /* Resources */ = {
			isa = PBXResourcesBuildPhase;
			buildActionMask = 2147483647;
			files = (
			);
			runOnlyForDeploymentPostprocessing = 0;
		};
/* End PBXResourcesBuildPhase section */

/* Begin PBXShellScriptBuildPhase section */
		25BFE74A3209CECAF22A7254 /* [CP] Embed Pods Frameworks */ = {
			isa = PBXShellScriptBuildPhase;
			buildActionMask = 2147483647;
			files = (
			);
			inputFileListPaths = (
			);
			inputPaths = (
				"${PODS_ROOT}/Target Support Files/Pods-VK Market/Pods-VK Market-frameworks.sh",
				"${BUILT_PRODUCTS_DIR}/Alamofire/Alamofire.framework",
				"${BUILT_PRODUCTS_DIR}/SwiftyVK/SwiftyVK.framework",
			);
			name = "[CP] Embed Pods Frameworks";
			outputFileListPaths = (
			);
			outputPaths = (
				"${TARGET_BUILD_DIR}/${FRAMEWORKS_FOLDER_PATH}/Alamofire.framework",
				"${TARGET_BUILD_DIR}/${FRAMEWORKS_FOLDER_PATH}/SwiftyVK.framework",
			);
			runOnlyForDeploymentPostprocessing = 0;
			shellPath = /bin/sh;
			shellScript = "\"${PODS_ROOT}/Target Support Files/Pods-VK Market/Pods-VK Market-frameworks.sh\"\n";
			showEnvVarsInLog = 0;
		};
		45AD08C04A357B915735B64B /* [CP] Check Pods Manifest.lock */ = {
			isa = PBXShellScriptBuildPhase;
			buildActionMask = 2147483647;
			files = (
			);
			inputFileListPaths = (
			);
			inputPaths = (
				"${PODS_PODFILE_DIR_PATH}/Podfile.lock",
				"${PODS_ROOT}/Manifest.lock",
			);
			name = "[CP] Check Pods Manifest.lock";
			outputFileListPaths = (
			);
			outputPaths = (
				"$(DERIVED_FILE_DIR)/Pods-VK MarketUITests-checkManifestLockResult.txt",
			);
			runOnlyForDeploymentPostprocessing = 0;
			shellPath = /bin/sh;
			shellScript = "diff \"${PODS_PODFILE_DIR_PATH}/Podfile.lock\" \"${PODS_ROOT}/Manifest.lock\" > /dev/null\nif [ $? != 0 ] ; then\n    # print error to STDERR\n    echo \"error: The sandbox is not in sync with the Podfile.lock. Run 'pod install' or update your CocoaPods installation.\" >&2\n    exit 1\nfi\n# This output is used by Xcode 'outputs' to avoid re-running this script phase.\necho \"SUCCESS\" > \"${SCRIPT_OUTPUT_FILE_0}\"\n";
			showEnvVarsInLog = 0;
		};
		5FC09E07C16270A0A7C69093 /* [CP] Check Pods Manifest.lock */ = {
			isa = PBXShellScriptBuildPhase;
			buildActionMask = 2147483647;
			files = (
			);
			inputFileListPaths = (
			);
			inputPaths = (
				"${PODS_PODFILE_DIR_PATH}/Podfile.lock",
				"${PODS_ROOT}/Manifest.lock",
			);
			name = "[CP] Check Pods Manifest.lock";
			outputFileListPaths = (
			);
			outputPaths = (
				"$(DERIVED_FILE_DIR)/Pods-VK MarketTests-checkManifestLockResult.txt",
			);
			runOnlyForDeploymentPostprocessing = 0;
			shellPath = /bin/sh;
			shellScript = "diff \"${PODS_PODFILE_DIR_PATH}/Podfile.lock\" \"${PODS_ROOT}/Manifest.lock\" > /dev/null\nif [ $? != 0 ] ; then\n    # print error to STDERR\n    echo \"error: The sandbox is not in sync with the Podfile.lock. Run 'pod install' or update your CocoaPods installation.\" >&2\n    exit 1\nfi\n# This output is used by Xcode 'outputs' to avoid re-running this script phase.\necho \"SUCCESS\" > \"${SCRIPT_OUTPUT_FILE_0}\"\n";
			showEnvVarsInLog = 0;
		};
		B996F5258DBF9D8B37807897 /* [CP] Check Pods Manifest.lock */ = {
			isa = PBXShellScriptBuildPhase;
			buildActionMask = 2147483647;
			files = (
			);
			inputFileListPaths = (
			);
			inputPaths = (
				"${PODS_PODFILE_DIR_PATH}/Podfile.lock",
				"${PODS_ROOT}/Manifest.lock",
			);
			name = "[CP] Check Pods Manifest.lock";
			outputFileListPaths = (
			);
			outputPaths = (
				"$(DERIVED_FILE_DIR)/Pods-VK Market-checkManifestLockResult.txt",
			);
			runOnlyForDeploymentPostprocessing = 0;
			shellPath = /bin/sh;
			shellScript = "diff \"${PODS_PODFILE_DIR_PATH}/Podfile.lock\" \"${PODS_ROOT}/Manifest.lock\" > /dev/null\nif [ $? != 0 ] ; then\n    # print error to STDERR\n    echo \"error: The sandbox is not in sync with the Podfile.lock. Run 'pod install' or update your CocoaPods installation.\" >&2\n    exit 1\nfi\n# This output is used by Xcode 'outputs' to avoid re-running this script phase.\necho \"SUCCESS\" > \"${SCRIPT_OUTPUT_FILE_0}\"\n";
			showEnvVarsInLog = 0;
		};
/* End PBXShellScriptBuildPhase section */

/* Begin PBXSourcesBuildPhase section */
		40E3C7852246366E00933D5F /* Sources */ = {
			isa = PBXSourcesBuildPhase;
			buildActionMask = 2147483647;
			files = (
				403DCA96225DDB0E0051A5C3 /* GroupById.swift in Sources */,
				407E5CD22246374B0045225E /* VKDelegate.swift in Sources */,
				403DCA98225DE6D80051A5C3 /* ServerService.swift in Sources */,
				40BE76BF22463EA7000519A9 /* ServerGroups.swift in Sources */,
				40E3C7952246366E00933D5F /* VK_Market.xcdatamodeld in Sources */,
				40BE76B422463BC4000519A9 /* StoreItems.swift in Sources */,
				40E3C78F2246366E00933D5F /* ViewController.swift in Sources */,
				40E3C78D2246366E00933D5F /* AppDelegate.swift in Sources */,
				40BE76C722468195000519A9 /* StoreItemsById.swift in Sources */,
				40BE76C522466C82000519A9 /* ImageService.swift in Sources */,
				40BE76BB22463DB4000519A9 /* MarketService.swift in Sources */,
				402D3359225C778A00D43AB4 /* Vars.swift in Sources */,
			);
			runOnlyForDeploymentPostprocessing = 0;
		};
		40E3C79C2246367100933D5F /* Sources */ = {
			isa = PBXSourcesBuildPhase;
			buildActionMask = 2147483647;
			files = (
				40E3C7A52246367100933D5F /* VK_MarketTests.swift in Sources */,
			);
			runOnlyForDeploymentPostprocessing = 0;
		};
		40E3C7A72246367100933D5F /* Sources */ = {
			isa = PBXSourcesBuildPhase;
			buildActionMask = 2147483647;
			files = (
				40E3C7B02246367100933D5F /* VK_MarketUITests.swift in Sources */,
			);
			runOnlyForDeploymentPostprocessing = 0;
		};
/* End PBXSourcesBuildPhase section */

/* Begin PBXTargetDependency section */
		40E3C7A22246367100933D5F /* PBXTargetDependency */ = {
			isa = PBXTargetDependency;
			target = 40E3C7882246366E00933D5F /* VK Market */;
			targetProxy = 40E3C7A12246367100933D5F /* PBXContainerItemProxy */;
		};
		40E3C7AD2246367100933D5F /* PBXTargetDependency */ = {
			isa = PBXTargetDependency;
			target = 40E3C7882246366E00933D5F /* VK Market */;
			targetProxy = 40E3C7AC2246367100933D5F /* PBXContainerItemProxy */;
		};
/* End PBXTargetDependency section */

/* Begin PBXVariantGroup section */
		40E3C7902246366E00933D5F /* Main.storyboard */ = {
			isa = PBXVariantGroup;
			children = (
				40E3C7912246366E00933D5F /* Base */,
			);
			name = Main.storyboard;
			sourceTree = "<group>";
		};
		40E3C7982246367100933D5F /* LaunchScreen.storyboard */ = {
			isa = PBXVariantGroup;
			children = (
				40E3C7992246367100933D5F /* Base */,
			);
			name = LaunchScreen.storyboard;
			sourceTree = "<group>";
		};
/* End PBXVariantGroup section */

/* Begin XCBuildConfiguration section */
		40E3C7B22246367100933D5F /* Debug */ = {
			isa = XCBuildConfiguration;
			buildSettings = {
				ALWAYS_SEARCH_USER_PATHS = NO;
				CLANG_ANALYZER_NONNULL = YES;
				CLANG_ANALYZER_NUMBER_OBJECT_CONVERSION = YES_AGGRESSIVE;
				CLANG_CXX_LANGUAGE_STANDARD = "gnu++14";
				CLANG_CXX_LIBRARY = "libc++";
				CLANG_ENABLE_MODULES = YES;
				CLANG_ENABLE_OBJC_ARC = YES;
				CLANG_ENABLE_OBJC_WEAK = YES;
				CLANG_WARN_BLOCK_CAPTURE_AUTORELEASING = YES;
				CLANG_WARN_BOOL_CONVERSION = YES;
				CLANG_WARN_COMMA = YES;
				CLANG_WARN_CONSTANT_CONVERSION = YES;
				CLANG_WARN_DEPRECATED_OBJC_IMPLEMENTATIONS = YES;
				CLANG_WARN_DIRECT_OBJC_ISA_USAGE = YES_ERROR;
				CLANG_WARN_DOCUMENTATION_COMMENTS = YES;
				CLANG_WARN_EMPTY_BODY = YES;
				CLANG_WARN_ENUM_CONVERSION = YES;
				CLANG_WARN_INFINITE_RECURSION = YES;
				CLANG_WARN_INT_CONVERSION = YES;
				CLANG_WARN_NON_LITERAL_NULL_CONVERSION = YES;
				CLANG_WARN_OBJC_IMPLICIT_RETAIN_SELF = YES;
				CLANG_WARN_OBJC_LITERAL_CONVERSION = YES;
				CLANG_WARN_OBJC_ROOT_CLASS = YES_ERROR;
				CLANG_WARN_RANGE_LOOP_ANALYSIS = YES;
				CLANG_WARN_STRICT_PROTOTYPES = YES;
				CLANG_WARN_SUSPICIOUS_MOVE = YES;
				CLANG_WARN_UNGUARDED_AVAILABILITY = YES_AGGRESSIVE;
				CLANG_WARN_UNREACHABLE_CODE = YES;
				CLANG_WARN__DUPLICATE_METHOD_MATCH = YES;
				CODE_SIGN_IDENTITY = "iPhone Developer";
				COPY_PHASE_STRIP = NO;
				DEBUG_INFORMATION_FORMAT = dwarf;
				ENABLE_STRICT_OBJC_MSGSEND = YES;
				ENABLE_TESTABILITY = YES;
				GCC_C_LANGUAGE_STANDARD = gnu11;
				GCC_DYNAMIC_NO_PIC = NO;
				GCC_NO_COMMON_BLOCKS = YES;
				GCC_OPTIMIZATION_LEVEL = 0;
				GCC_PREPROCESSOR_DEFINITIONS = (
					"DEBUG=1",
					"$(inherited)",
				);
				GCC_WARN_64_TO_32_BIT_CONVERSION = YES;
				GCC_WARN_ABOUT_RETURN_TYPE = YES_ERROR;
				GCC_WARN_UNDECLARED_SELECTOR = YES;
				GCC_WARN_UNINITIALIZED_AUTOS = YES_AGGRESSIVE;
				GCC_WARN_UNUSED_FUNCTION = YES;
				GCC_WARN_UNUSED_VARIABLE = YES;
				IPHONEOS_DEPLOYMENT_TARGET = 12.1;
				MTL_ENABLE_DEBUG_INFO = INCLUDE_SOURCE;
				MTL_FAST_MATH = YES;
				ONLY_ACTIVE_ARCH = YES;
				SDKROOT = iphoneos;
				SWIFT_ACTIVE_COMPILATION_CONDITIONS = DEBUG;
				SWIFT_OPTIMIZATION_LEVEL = "-Onone";
			};
			name = Debug;
		};
		40E3C7B32246367100933D5F /* Release */ = {
			isa = XCBuildConfiguration;
			buildSettings = {
				ALWAYS_SEARCH_USER_PATHS = NO;
				CLANG_ANALYZER_NONNULL = YES;
				CLANG_ANALYZER_NUMBER_OBJECT_CONVERSION = YES_AGGRESSIVE;
				CLANG_CXX_LANGUAGE_STANDARD = "gnu++14";
				CLANG_CXX_LIBRARY = "libc++";
				CLANG_ENABLE_MODULES = YES;
				CLANG_ENABLE_OBJC_ARC = YES;
				CLANG_ENABLE_OBJC_WEAK = YES;
				CLANG_WARN_BLOCK_CAPTURE_AUTORELEASING = YES;
				CLANG_WARN_BOOL_CONVERSION = YES;
				CLANG_WARN_COMMA = YES;
				CLANG_WARN_CONSTANT_CONVERSION = YES;
				CLANG_WARN_DEPRECATED_OBJC_IMPLEMENTATIONS = YES;
				CLANG_WARN_DIRECT_OBJC_ISA_USAGE = YES_ERROR;
				CLANG_WARN_DOCUMENTATION_COMMENTS = YES;
				CLANG_WARN_EMPTY_BODY = YES;
				CLANG_WARN_ENUM_CONVERSION = YES;
				CLANG_WARN_INFINITE_RECURSION = YES;
				CLANG_WARN_INT_CONVERSION = YES;
				CLANG_WARN_NON_LITERAL_NULL_CONVERSION = YES;
				CLANG_WARN_OBJC_IMPLICIT_RETAIN_SELF = YES;
				CLANG_WARN_OBJC_LITERAL_CONVERSION = YES;
				CLANG_WARN_OBJC_ROOT_CLASS = YES_ERROR;
				CLANG_WARN_RANGE_LOOP_ANALYSIS = YES;
				CLANG_WARN_STRICT_PROTOTYPES = YES;
				CLANG_WARN_SUSPICIOUS_MOVE = YES;
				CLANG_WARN_UNGUARDED_AVAILABILITY = YES_AGGRESSIVE;
				CLANG_WARN_UNREACHABLE_CODE = YES;
				CLANG_WARN__DUPLICATE_METHOD_MATCH = YES;
				CODE_SIGN_IDENTITY = "iPhone Developer";
				COPY_PHASE_STRIP = NO;
				DEBUG_INFORMATION_FORMAT = "dwarf-with-dsym";
				ENABLE_NS_ASSERTIONS = NO;
				ENABLE_STRICT_OBJC_MSGSEND = YES;
				GCC_C_LANGUAGE_STANDARD = gnu11;
				GCC_NO_COMMON_BLOCKS = YES;
				GCC_WARN_64_TO_32_BIT_CONVERSION = YES;
				GCC_WARN_ABOUT_RETURN_TYPE = YES_ERROR;
				GCC_WARN_UNDECLARED_SELECTOR = YES;
				GCC_WARN_UNINITIALIZED_AUTOS = YES_AGGRESSIVE;
				GCC_WARN_UNUSED_FUNCTION = YES;
				GCC_WARN_UNUSED_VARIABLE = YES;
				IPHONEOS_DEPLOYMENT_TARGET = 12.1;
				MTL_ENABLE_DEBUG_INFO = NO;
				MTL_FAST_MATH = YES;
				SDKROOT = iphoneos;
				SWIFT_COMPILATION_MODE = wholemodule;
				SWIFT_OPTIMIZATION_LEVEL = "-O";
				VALIDATE_PRODUCT = YES;
			};
			name = Release;
		};
		40E3C7B52246367100933D5F /* Debug */ = {
			isa = XCBuildConfiguration;
			baseConfigurationReference = 82BFA28DD649880414C8A0FB /* Pods-VK Market.debug.xcconfig */;
			buildSettings = {
				ASSETCATALOG_COMPILER_APPICON_NAME = AppIcon;
				CODE_SIGN_STYLE = Automatic;
				DEVELOPMENT_TEAM = S4W362242Y;
				INFOPLIST_FILE = "VK Market/Info.plist";
				LD_RUNPATH_SEARCH_PATHS = (
					"$(inherited)",
					"@executable_path/Frameworks",
				);
				PRODUCT_BUNDLE_IDENTIFIER = "y7c4k.VK-Market";
				PRODUCT_NAME = "$(TARGET_NAME)";
				SWIFT_VERSION = 4.2;
				TARGETED_DEVICE_FAMILY = "1,2";
			};
			name = Debug;
		};
		40E3C7B62246367100933D5F /* Release */ = {
			isa = XCBuildConfiguration;
			baseConfigurationReference = 5D668E29B298D0D438369FCC /* Pods-VK Market.release.xcconfig */;
			buildSettings = {
				ASSETCATALOG_COMPILER_APPICON_NAME = AppIcon;
				CODE_SIGN_STYLE = Automatic;
				DEVELOPMENT_TEAM = S4W362242Y;
				INFOPLIST_FILE = "VK Market/Info.plist";
				LD_RUNPATH_SEARCH_PATHS = (
					"$(inherited)",
					"@executable_path/Frameworks",
				);
				PRODUCT_BUNDLE_IDENTIFIER = "y7c4k.VK-Market";
				PRODUCT_NAME = "$(TARGET_NAME)";
				SWIFT_VERSION = 4.2;
				TARGETED_DEVICE_FAMILY = "1,2";
			};
			name = Release;
		};
		40E3C7B82246367100933D5F /* Debug */ = {
			isa = XCBuildConfiguration;
			baseConfigurationReference = C7181B0FA1B1A328BAC50FAE /* Pods-VK MarketTests.debug.xcconfig */;
			buildSettings = {
				ALWAYS_EMBED_SWIFT_STANDARD_LIBRARIES = YES;
				BUNDLE_LOADER = "$(TEST_HOST)";
				CODE_SIGN_STYLE = Automatic;
				DEVELOPMENT_TEAM = S4W362242Y;
				INFOPLIST_FILE = "VK MarketTests/Info.plist";
				LD_RUNPATH_SEARCH_PATHS = (
					"$(inherited)",
					"@executable_path/Frameworks",
					"@loader_path/Frameworks",
				);
				PRODUCT_BUNDLE_IDENTIFIER = "y7c4k.VK-MarketTests";
				PRODUCT_NAME = "$(TARGET_NAME)";
				SWIFT_VERSION = 4.2;
				TARGETED_DEVICE_FAMILY = "1,2";
				TEST_HOST = "$(BUILT_PRODUCTS_DIR)/VK Market.app/VK Market";
			};
			name = Debug;
		};
		40E3C7B92246367100933D5F /* Release */ = {
			isa = XCBuildConfiguration;
			baseConfigurationReference = E3D7FD0656235A12EC736271 /* Pods-VK MarketTests.release.xcconfig */;
			buildSettings = {
				ALWAYS_EMBED_SWIFT_STANDARD_LIBRARIES = YES;
				BUNDLE_LOADER = "$(TEST_HOST)";
				CODE_SIGN_STYLE = Automatic;
				DEVELOPMENT_TEAM = S4W362242Y;
				INFOPLIST_FILE = "VK MarketTests/Info.plist";
				LD_RUNPATH_SEARCH_PATHS = (
					"$(inherited)",
					"@executable_path/Frameworks",
					"@loader_path/Frameworks",
				);
				PRODUCT_BUNDLE_IDENTIFIER = "y7c4k.VK-MarketTests";
				PRODUCT_NAME = "$(TARGET_NAME)";
				SWIFT_VERSION = 4.2;
				TARGETED_DEVICE_FAMILY = "1,2";
				TEST_HOST = "$(BUILT_PRODUCTS_DIR)/VK Market.app/VK Market";
			};
			name = Release;
		};
		40E3C7BB2246367100933D5F /* Debug */ = {
			isa = XCBuildConfiguration;
			baseConfigurationReference = 02BC6551F118B80256044C3A /* Pods-VK MarketUITests.debug.xcconfig */;
			buildSettings = {
				ALWAYS_EMBED_SWIFT_STANDARD_LIBRARIES = YES;
				CODE_SIGN_STYLE = Automatic;
				DEVELOPMENT_TEAM = S4W362242Y;
				INFOPLIST_FILE = "VK MarketUITests/Info.plist";
				LD_RUNPATH_SEARCH_PATHS = (
					"$(inherited)",
					"@executable_path/Frameworks",
					"@loader_path/Frameworks",
				);
				PRODUCT_BUNDLE_IDENTIFIER = "y7c4k.VK-MarketUITests";
				PRODUCT_NAME = "$(TARGET_NAME)";
				SWIFT_VERSION = 4.2;
				TARGETED_DEVICE_FAMILY = "1,2";
				TEST_TARGET_NAME = "VK Market";
			};
			name = Debug;
		};
		40E3C7BC2246367100933D5F /* Release */ = {
			isa = XCBuildConfiguration;
			baseConfigurationReference = D7E7B3C2E9051E30A07EF37B /* Pods-VK MarketUITests.release.xcconfig */;
			buildSettings = {
				ALWAYS_EMBED_SWIFT_STANDARD_LIBRARIES = YES;
				CODE_SIGN_STYLE = Automatic;
				DEVELOPMENT_TEAM = S4W362242Y;
				INFOPLIST_FILE = "VK MarketUITests/Info.plist";
				LD_RUNPATH_SEARCH_PATHS = (
					"$(inherited)",
					"@executable_path/Frameworks",
					"@loader_path/Frameworks",
				);
				PRODUCT_BUNDLE_IDENTIFIER = "y7c4k.VK-MarketUITests";
				PRODUCT_NAME = "$(TARGET_NAME)";
				SWIFT_VERSION = 4.2;
				TARGETED_DEVICE_FAMILY = "1,2";
				TEST_TARGET_NAME = "VK Market";
			};
			name = Release;
		};
/* End XCBuildConfiguration section */

/* Begin XCConfigurationList section */
		40E3C7842246366E00933D5F /* Build configuration list for PBXProject "VK Market" */ = {
			isa = XCConfigurationList;
			buildConfigurations = (
				40E3C7B22246367100933D5F /* Debug */,
				40E3C7B32246367100933D5F /* Release */,
			);
			defaultConfigurationIsVisible = 0;
			defaultConfigurationName = Release;
		};
		40E3C7B42246367100933D5F /* Build configuration list for PBXNativeTarget "VK Market" */ = {
			isa = XCConfigurationList;
			buildConfigurations = (
				40E3C7B52246367100933D5F /* Debug */,
				40E3C7B62246367100933D5F /* Release */,
			);
			defaultConfigurationIsVisible = 0;
			defaultConfigurationName = Release;
		};
		40E3C7B72246367100933D5F /* Build configuration list for PBXNativeTarget "VK MarketTests" */ = {
			isa = XCConfigurationList;
			buildConfigurations = (
				40E3C7B82246367100933D5F /* Debug */,
				40E3C7B92246367100933D5F /* Release */,
			);
			defaultConfigurationIsVisible = 0;
			defaultConfigurationName = Release;
		};
		40E3C7BA2246367100933D5F /* Build configuration list for PBXNativeTarget "VK MarketUITests" */ = {
			isa = XCConfigurationList;
			buildConfigurations = (
				40E3C7BB2246367100933D5F /* Debug */,
				40E3C7BC2246367100933D5F /* Release */,
			);
			defaultConfigurationIsVisible = 0;
			defaultConfigurationName = Release;
		};
/* End XCConfigurationList section */

/* Begin XCVersionGroup section */
		40E3C7932246366E00933D5F /* VK_Market.xcdatamodeld */ = {
			isa = XCVersionGroup;
			children = (
				40E3C7942246366E00933D5F /* VK_Market.xcdatamodel */,
			);
			currentVersion = 40E3C7942246366E00933D5F /* VK_Market.xcdatamodel */;
			path = VK_Market.xcdatamodeld;
			sourceTree = "<group>";
			versionGroupType = wrapper.xcdatamodel;
		};
/* End XCVersionGroup section */
	};
	rootObject = 40E3C7812246366E00933D5F /* Project object */;
}
